github.com/magefile/mage v1.10.0 h1:3HiXzCUY12kh9bIuyXShaVe529fJfyqoVM42o/uom2g=
github.com/magefile/mage v1.10.0/go.mod h1:z5UZb/iS3GoOSn0JgWuiw7dxlurVYTu+/jHXqQg881A=
github.com/stretchr/piglatin v0.0.0-20140311054444-ab61287b9936 h1:QcF4JZjvg9uNP9SdKFXspe6keOBZ1XmXkb25badRIkY=
github.com/stretchr/piglatin v0.0.0-20140311054444-ab61287b9936/go.mod h1:fnVlYnscMLDEmGbdH+GXr7JHxZCj7pCoRap6A74K5lY=
